
Microsoft Visual Studio Solution File, Format Version 12.00
# Visual Studio Version 17
VisualStudioVersion = 17.11.35222.181
MinimumVisualStudioVersion = 10.0.40219.1
Project("{FAE04EC0-301F-11D3-BF4B-00C04F79EFBC}") = "Przykład 1", "Przykład 1\Przykład 1.csproj", "{A158E927-0532-498A-83BC-94AF3477E5D1}"
EndProject
Global
	GlobalSection(SolutionConfigurationPlatforms) = preSolution
		Debug|Any CPU = Debug|Any CPU
		Release|Any CPU = Release|Any CPU
	EndGlobalSection
	GlobalSection(ProjectConfigurationPlatforms) = postSolution
		{A158E927-0532-498A-83BC-94AF3477E5D1}.Debug|Any CPU.ActiveCfg = Debug|Any CPU
		{A158E927-0532-498A-83BC-94AF3477E5D1}.Debug|Any CPU.Build.0 = Debug|Any CPU
		{A158E927-0532-498A-83BC-94AF3477E5D1}.Release|Any CPU.ActiveCfg = Release|Any CPU
		{A158E927-0532-498A-83BC-94AF3477E5D1}.Release|Any CPU.Build.0 = Release|Any CPU
	EndGlobalSection
	GlobalSection(SolutionProperties) = preSolution
		HideSolutionNode = FALSE
	EndGlobalSection
	GlobalSection(ExtensibilityGlobals) = postSolution
		SolutionGuid = {69EA4799-E9AC-41F7-B3A1-908C45EF362D}
	EndGlobalSection
EndGlobal
